
Microsoft Visual Studio Solution File, Format Version 12.00
# Visual Studio Version 16
VisualStudioVersion = 16.0.32228.343
MinimumVisualStudioVersion = 10.0.40219.1
Project("{FAE04EC0-301F-11D3-BF4B-00C04F79EFBC}") = "Lab03_Challenges", "Lab03_Challenges\Lab03_Challenges.csproj", "{4B5FD2DC-F2BB-4FAD-B7EB-D933B5184A80}"
EndProject
Project("{FAE04EC0-301F-11D3-BF4B-00C04F79EFBC}") = "TestLab03", "TestLab03\TestLab03.csproj", "{4942965D-046C-4A59-BE26-DC441F5EFEC4}"
EndProject
Global
	GlobalSection(SolutionConfigurationPlatforms) = preSolution
		Debug|Any CPU = Debug|Any CPU
		Release|Any CPU = Release|Any CPU
	EndGlobalSection
	GlobalSection(ProjectConfigurationPlatforms) = postSolution
		{4B5FD2DC-F2BB-4FAD-B7EB-D933B5184A80}.Debug|Any CPU.ActiveCfg = Debug|Any CPU
		{4B5FD2DC-F2BB-4FAD-B7EB-D933B5184A80}.Debug|Any CPU.Build.0 = Debug|Any CPU
		{4B5FD2DC-F2BB-4FAD-B7EB-D933B5184A80}.Release|Any CPU.ActiveCfg = Release|Any CPU
		{4B5FD2DC-F2BB-4FAD-B7EB-D933B5184A80}.Release|Any CPU.Build.0 = Release|Any CPU
		{4942965D-046C-4A59-BE26-DC441F5EFEC4}.Debug|Any CPU.ActiveCfg = Debug|Any CPU
		{4942965D-046C-4A59-BE26-DC441F5EFEC4}.Debug|Any CPU.Build.0 = Debug|Any CPU
		{4942965D-046C-4A59-BE26-DC441F5EFEC4}.Release|Any CPU.ActiveCfg = Release|Any CPU
		{4942965D-046C-4A59-BE26-DC441F5EFEC4}.Release|Any CPU.Build.0 = Release|Any CPU
	EndGlobalSection
	GlobalSection(SolutionProperties) = preSolution
		HideSolutionNode = FALSE
	EndGlobalSection
	GlobalSection(ExtensibilityGlobals) = postSolution
		SolutionGuid = {5736F077-C6AD-418E-A37D-7CB16AA54699}
	EndGlobalSection
EndGlobal
